// !$*UTF8*$!
{
	archiveVersion = 1;
	classes = {
	};
	objectVersion = 46;
	objects = {

/* Begin PBXBuildFile section */
		02371CE84C7040D2AA843F23 /* libPods.a in Frameworks */ = {isa = PBXBuildFile; fileRef = 4C6E061241C641BD8196A1DF /* libPods.a */; };
		070250EB18CE88CF00A4A133 /* Camera.png in Resources */ = {isa = PBXBuildFile; fileRef = 070250EA18CE88CF00A4A133 /* Camera.png */; };
		073A729218D23FE700CD9E82 /* RNPFeedNavigationController.m in Sources */ = {isa = PBXBuildFile; fileRef = 073A729018D23FE700CD9E82 /* RNPFeedNavigationController.m */; };
		073A729318D23FE700CD9E82 /* RNPFeedNavigationController.xib in Resources */ = {isa = PBXBuildFile; fileRef = 073A729118D23FE700CD9E82 /* RNPFeedNavigationController.xib */; };
		073A72A518D2452C00CD9E82 /* RNPFeedNavigationItemView.xib in Resources */ = {isa = PBXBuildFile; fileRef = 073A72A418D2452C00CD9E82 /* RNPFeedNavigationItemView.xib */; };
		073A72A818D258EE00CD9E82 /* RNPFeedNavigationItemView.m in Sources */ = {isa = PBXBuildFile; fileRef = 073A72A718D258EE00CD9E82 /* RNPFeedNavigationItemView.m */; };
		076CEFD218C42761001454CC /* RNPFeedCell.xib in Resources */ = {isa = PBXBuildFile; fileRef = 076CEFD118C42761001454CC /* RNPFeedCell.xib */; };
		076CEFD418C42BB4001454CC /* RNPBreakCell.xib in Resources */ = {isa = PBXBuildFile; fileRef = 076CEFD318C42BB4001454CC /* RNPBreakCell.xib */; };
		076CEFD718C42BFB001454CC /* RNPFeedCell.m in Sources */ = {isa = PBXBuildFile; fileRef = 076CEFD618C42BFB001454CC /* RNPFeedCell.m */; };
		076CEFDA18C42E95001454CC /* RNPBreakCell.m in Sources */ = {isa = PBXBuildFile; fileRef = 076CEFD918C42E95001454CC /* RNPBreakCell.m */; };
		076CEFDE18C431F2001454CC /* RNPFeedHeader.xib in Resources */ = {isa = PBXBuildFile; fileRef = 076CEFDD18C431F2001454CC /* RNPFeedHeader.xib */; };
		076CEFE318C43351001454CC /* RNPFeedHeader.m in Sources */ = {isa = PBXBuildFile; fileRef = 076CEFE218C43351001454CC /* RNPFeedHeader.m */; };
		076CEFF018C440B1001454CC /* RNPFeedFooter.m in Sources */ = {isa = PBXBuildFile; fileRef = 076CEFEE18C440B1001454CC /* RNPFeedFooter.m */; };
		076CEFF118C440B1001454CC /* RNPFeedFooter.xib in Resources */ = {isa = PBXBuildFile; fileRef = 076CEFEF18C440B1001454CC /* RNPFeedFooter.xib */; };
		076CEFF318C44873001454CC /* QuartzCore.framework in Frameworks */ = {isa = PBXBuildFile; fileRef = 076CEFF218C44873001454CC /* QuartzCore.framework */; };
		076CEFF718C44E61001454CC /* comment.png in Resources */ = {isa = PBXBuildFile; fileRef = 076CEFF618C44E61001454CC /* comment.png */; };
		076CEFFB18C450E7001454CC /* heart.png in Resources */ = {isa = PBXBuildFile; fileRef = 076CEFFA18C450E7001454CC /* heart.png */; };
		076CF00118C45908001454CC /* location.png in Resources */ = {isa = PBXBuildFile; fileRef = 076CF00018C45908001454CC /* location.png */; };
		076CF00418C57238001454CC /* profile-placeholder.png in Resources */ = {isa = PBXBuildFile; fileRef = 076CF00318C57238001454CC /* profile-placeholder.png */; };
		076CF00618C5748E001454CC /* placeholder.png in Resources */ = {isa = PBXBuildFile; fileRef = 076CF00518C5748E001454CC /* placeholder.png */; };
		076CF00918C6C579001454CC /* CoreLocation.framework in Frameworks */ = {isa = PBXBuildFile; fileRef = 076CF00818C6C579001454CC /* CoreLocation.framework */; };
		07C883B218C3FEE300BAF939 /* RNPFeedViewController.m in Sources */ = {isa = PBXBuildFile; fileRef = 07C883B018C3FEE300BAF939 /* RNPFeedViewController.m */; };
		07C883B318C3FEE300BAF939 /* RNPFeedViewController.xib in Resources */ = {isa = PBXBuildFile; fileRef = 07C883B118C3FEE300BAF939 /* RNPFeedViewController.xib */; };
		07C883B818C4003300BAF939 /* Friends.png in Resources */ = {isa = PBXBuildFile; fileRef = 07C883B718C4003300BAF939 /* Friends.png */; };
		07C883BA18C4017800BAF939 /* Nearby.png in Resources */ = {isa = PBXBuildFile; fileRef = 07C883B918C4017800BAF939 /* Nearby.png */; };
		07C883BC18C401CC00BAF939 /* World.png in Resources */ = {isa = PBXBuildFile; fileRef = 07C883BB18C401CC00BAF939 /* World.png */; };
		E402F8A018C1A7CE0059482C /* Foundation.framework in Frameworks */ = {isa = PBXBuildFile; fileRef = E402F89F18C1A7CE0059482C /* Foundation.framework */; };
		E402F8A218C1A7CE0059482C /* CoreGraphics.framework in Frameworks */ = {isa = PBXBuildFile; fileRef = E402F8A118C1A7CE0059482C /* CoreGraphics.framework */; };
		E402F8A418C1A7CE0059482C /* UIKit.framework in Frameworks */ = {isa = PBXBuildFile; fileRef = E402F8A318C1A7CE0059482C /* UIKit.framework */; };
		E402F8AA18C1A7CE0059482C /* InfoPlist.strings in Resources */ = {isa = PBXBuildFile; fileRef = E402F8A818C1A7CE0059482C /* InfoPlist.strings */; };
		E402F8AC18C1A7CE0059482C /* main.m in Sources */ = {isa = PBXBuildFile; fileRef = E402F8AB18C1A7CE0059482C /* main.m */; };
		E402F8B018C1A7CE0059482C /* RNPAppDelegate.m in Sources */ = {isa = PBXBuildFile; fileRef = E402F8AF18C1A7CE0059482C /* RNPAppDelegate.m */; };
		E402F8BB18C1A7CE0059482C /* Images.xcassets in Resources */ = {isa = PBXBuildFile; fileRef = E402F8BA18C1A7CE0059482C /* Images.xcassets */; };
		E402F8C218C1A7CE0059482C /* XCTest.framework in Frameworks */ = {isa = PBXBuildFile; fileRef = E402F8C118C1A7CE0059482C /* XCTest.framework */; };
		E402F8C318C1A7CE0059482C /* Foundation.framework in Frameworks */ = {isa = PBXBuildFile; fileRef = E402F89F18C1A7CE0059482C /* Foundation.framework */; };
		E402F8C418C1A7CE0059482C /* UIKit.framework in Frameworks */ = {isa = PBXBuildFile; fileRef = E402F8A318C1A7CE0059482C /* UIKit.framework */; };
		E402F8CC18C1A7CE0059482C /* InfoPlist.strings in Resources */ = {isa = PBXBuildFile; fileRef = E402F8CA18C1A7CE0059482C /* InfoPlist.strings */; };
		E402F8CE18C1A7CE0059482C /* FoodieTests.m in Sources */ = {isa = PBXBuildFile; fileRef = E402F8CD18C1A7CE0059482C /* FoodieTests.m */; };
/* End PBXBuildFile section */

/* Begin PBXContainerItemProxy section */
		E402F8C518C1A7CE0059482C /* PBXContainerItemProxy */ = {
			isa = PBXContainerItemProxy;
			containerPortal = E402F89418C1A7CE0059482C /* Project object */;
			proxyType = 1;
			remoteGlobalIDString = E402F89B18C1A7CE0059482C;
			remoteInfo = Foodie;
		};
/* End PBXContainerItemProxy section */

/* Begin PBXFileReference section */
		070250EA18CE88CF00A4A133 /* Camera.png */ = {isa = PBXFileReference; lastKnownFileType = image.png; path = Camera.png; sourceTree = "<group>"; };
		073A728F18D23FE700CD9E82 /* RNPFeedNavigationController.h */ = {isa = PBXFileReference; fileEncoding = 4; lastKnownFileType = sourcecode.c.h; path = RNPFeedNavigationController.h; sourceTree = "<group>"; };
		073A729018D23FE700CD9E82 /* RNPFeedNavigationController.m */ = {isa = PBXFileReference; fileEncoding = 4; lastKnownFileType = sourcecode.c.objc; path = RNPFeedNavigationController.m; sourceTree = "<group>"; };
		073A729118D23FE700CD9E82 /* RNPFeedNavigationController.xib */ = {isa = PBXFileReference; fileEncoding = 4; lastKnownFileType = file.xib; path = RNPFeedNavigationController.xib; sourceTree = "<group>"; };
		073A72A418D2452C00CD9E82 /* RNPFeedNavigationItemView.xib */ = {isa = PBXFileReference; fileEncoding = 4; lastKnownFileType = file.xib; path = RNPFeedNavigationItemView.xib; sourceTree = "<group>"; };
		073A72A618D258EE00CD9E82 /* RNPFeedNavigationItemView.h */ = {isa = PBXFileReference; fileEncoding = 4; lastKnownFileType = sourcecode.c.h; path = RNPFeedNavigationItemView.h; sourceTree = "<group>"; };
		073A72A718D258EE00CD9E82 /* RNPFeedNavigationItemView.m */ = {isa = PBXFileReference; fileEncoding = 4; lastKnownFileType = sourcecode.c.objc; path = RNPFeedNavigationItemView.m; sourceTree = "<group>"; };
		076CEFD118C42761001454CC /* RNPFeedCell.xib */ = {isa = PBXFileReference; fileEncoding = 4; lastKnownFileType = file.xib; path = RNPFeedCell.xib; sourceTree = "<group>"; };
		076CEFD318C42BB4001454CC /* RNPBreakCell.xib */ = {isa = PBXFileReference; fileEncoding = 4; lastKnownFileType = file.xib; path = RNPBreakCell.xib; sourceTree = "<group>"; };
		076CEFD518C42BFB001454CC /* RNPFeedCell.h */ = {isa = PBXFileReference; fileEncoding = 4; lastKnownFileType = sourcecode.c.h; path = RNPFeedCell.h; sourceTree = "<group>"; };
		076CEFD618C42BFB001454CC /* RNPFeedCell.m */ = {isa = PBXFileReference; fileEncoding = 4; lastKnownFileType = sourcecode.c.objc; path = RNPFeedCell.m; sourceTree = "<group>"; };
		076CEFD818C42E95001454CC /* RNPBreakCell.h */ = {isa = PBXFileReference; fileEncoding = 4; lastKnownFileType = sourcecode.c.h; path = RNPBreakCell.h; sourceTree = "<group>"; };
		076CEFD918C42E95001454CC /* RNPBreakCell.m */ = {isa = PBXFileReference; fileEncoding = 4; lastKnownFileType = sourcecode.c.objc; path = RNPBreakCell.m; sourceTree = "<group>"; };
		076CEFDD18C431F2001454CC /* RNPFeedHeader.xib */ = {isa = PBXFileReference; fileEncoding = 4; lastKnownFileType = file.xib; path = RNPFeedHeader.xib; sourceTree = "<group>"; };
		076CEFE118C43351001454CC /* RNPFeedHeader.h */ = {isa = PBXFileReference; fileEncoding = 4; lastKnownFileType = sourcecode.c.h; path = RNPFeedHeader.h; sourceTree = "<group>"; };
		076CEFE218C43351001454CC /* RNPFeedHeader.m */ = {isa = PBXFileReference; fileEncoding = 4; lastKnownFileType = sourcecode.c.objc; path = RNPFeedHeader.m; sourceTree = "<group>"; };
		076CEFED18C440B1001454CC /* RNPFeedFooter.h */ = {isa = PBXFileReference; fileEncoding = 4; lastKnownFileType = sourcecode.c.h; path = RNPFeedFooter.h; sourceTree = "<group>"; };
		076CEFEE18C440B1001454CC /* RNPFeedFooter.m */ = {isa = PBXFileReference; fileEncoding = 4; lastKnownFileType = sourcecode.c.objc; path = RNPFeedFooter.m; sourceTree = "<group>"; };
		076CEFEF18C440B1001454CC /* RNPFeedFooter.xib */ = {isa = PBXFileReference; fileEncoding = 4; lastKnownFileType = file.xib; path = RNPFeedFooter.xib; sourceTree = "<group>"; };
		076CEFF218C44873001454CC /* QuartzCore.framework */ = {isa = PBXFileReference; lastKnownFileType = wrapper.framework; name = QuartzCore.framework; path = System/Library/Frameworks/QuartzCore.framework; sourceTree = SDKROOT; };
		076CEFF618C44E61001454CC /* comment.png */ = {isa = PBXFileReference; lastKnownFileType = image.png; path = comment.png; sourceTree = "<group>"; };
		076CEFFA18C450E7001454CC /* heart.png */ = {isa = PBXFileReference; lastKnownFileType = image.png; path = heart.png; sourceTree = "<group>"; };
		076CF00018C45908001454CC /* location.png */ = {isa = PBXFileReference; lastKnownFileType = image.png; path = location.png; sourceTree = "<group>"; };
		076CF00318C57238001454CC /* profile-placeholder.png */ = {isa = PBXFileReference; lastKnownFileType = image.png; path = "profile-placeholder.png"; sourceTree = "<group>"; };
		076CF00518C5748E001454CC /* placeholder.png */ = {isa = PBXFileReference; lastKnownFileType = image.png; path = placeholder.png; sourceTree = "<group>"; };
		076CF00818C6C579001454CC /* CoreLocation.framework */ = {isa = PBXFileReference; lastKnownFileType = wrapper.framework; name = CoreLocation.framework; path = System/Library/Frameworks/CoreLocation.framework; sourceTree = SDKROOT; };
		07C883AF18C3FEE300BAF939 /* RNPFeedViewController.h */ = {isa = PBXFileReference; fileEncoding = 4; lastKnownFileType = sourcecode.c.h; name = RNPFeedViewController.h; path = ../RNPFeedViewController.h; sourceTree = "<group>"; };
		07C883B018C3FEE300BAF939 /* RNPFeedViewController.m */ = {isa = PBXFileReference; fileEncoding = 4; lastKnownFileType = sourcecode.c.objc; name = RNPFeedViewController.m; path = ../RNPFeedViewController.m; sourceTree = "<group>"; };
		07C883B118C3FEE300BAF939 /* RNPFeedViewController.xib */ = {isa = PBXFileReference; fileEncoding = 4; lastKnownFileType = file.xib; name = RNPFeedViewController.xib; path = ../RNPFeedViewController.xib; sourceTree = "<group>"; };
		07C883B718C4003300BAF939 /* Friends.png */ = {isa = PBXFileReference; lastKnownFileType = image.png; path = Friends.png; sourceTree = "<group>"; };
		07C883B918C4017800BAF939 /* Nearby.png */ = {isa = PBXFileReference; lastKnownFileType = image.png; path = Nearby.png; sourceTree = "<group>"; };
		07C883BB18C401CC00BAF939 /* World.png */ = {isa = PBXFileReference; lastKnownFileType = image.png; path = World.png; sourceTree = "<group>"; };
		42320C0FE21C4309A3D82E23 /* Pods.xcconfig */ = {isa = PBXFileReference; includeInIndex = 1; lastKnownFileType = text.xcconfig; name = Pods.xcconfig; path = Pods/Pods.xcconfig; sourceTree = "<group>"; };
		4C6E061241C641BD8196A1DF /* libPods.a */ = {isa = PBXFileReference; explicitFileType = archive.ar; includeInIndex = 0; path = libPods.a; sourceTree = BUILT_PRODUCTS_DIR; };
		E402F89C18C1A7CE0059482C /* Foodie.app */ = {isa = PBXFileReference; explicitFileType = wrapper.application; includeInIndex = 0; path = Foodie.app; sourceTree = BUILT_PRODUCTS_DIR; };
		E402F89F18C1A7CE0059482C /* Foundation.framework */ = {isa = PBXFileReference; lastKnownFileType = wrapper.framework; name = Foundation.framework; path = System/Library/Frameworks/Foundation.framework; sourceTree = SDKROOT; };
		E402F8A118C1A7CE0059482C /* CoreGraphics.framework */ = {isa = PBXFileReference; lastKnownFileType = wrapper.framework; name = CoreGraphics.framework; path = System/Library/Frameworks/CoreGraphics.framework; sourceTree = SDKROOT; };
		E402F8A318C1A7CE0059482C /* UIKit.framework */ = {isa = PBXFileReference; lastKnownFileType = wrapper.framework; name = UIKit.framework; path = System/Library/Frameworks/UIKit.framework; sourceTree = SDKROOT; };
		E402F8A718C1A7CE0059482C /* Foodie-Info.plist */ = {isa = PBXFileReference; lastKnownFileType = text.plist.xml; path = "Foodie-Info.plist"; sourceTree = "<group>"; };
		E402F8A918C1A7CE0059482C /* en */ = {isa = PBXFileReference; lastKnownFileType = text.plist.strings; name = en; path = en.lproj/InfoPlist.strings; sourceTree = "<group>"; };
		E402F8AB18C1A7CE0059482C /* main.m */ = {isa = PBXFileReference; lastKnownFileType = sourcecode.c.objc; path = main.m; sourceTree = "<group>"; };
		E402F8AD18C1A7CE0059482C /* Foodie-Prefix.pch */ = {isa = PBXFileReference; lastKnownFileType = sourcecode.c.h; path = "Foodie-Prefix.pch"; sourceTree = "<group>"; };
		E402F8AE18C1A7CE0059482C /* RNPAppDelegate.h */ = {isa = PBXFileReference; lastKnownFileType = sourcecode.c.h; path = RNPAppDelegate.h; sourceTree = "<group>"; };
		E402F8AF18C1A7CE0059482C /* RNPAppDelegate.m */ = {isa = PBXFileReference; lastKnownFileType = sourcecode.c.objc; path = RNPAppDelegate.m; sourceTree = "<group>"; };
		E402F8BA18C1A7CE0059482C /* Images.xcassets */ = {isa = PBXFileReference; lastKnownFileType = folder.assetcatalog; path = Images.xcassets; sourceTree = "<group>"; };
		E402F8C018C1A7CE0059482C /* FoodieTests.xctest */ = {isa = PBXFileReference; explicitFileType = wrapper.cfbundle; includeInIndex = 0; path = FoodieTests.xctest; sourceTree = BUILT_PRODUCTS_DIR; };
		E402F8C118C1A7CE0059482C /* XCTest.framework */ = {isa = PBXFileReference; lastKnownFileType = wrapper.framework; name = XCTest.framework; path = Library/Frameworks/XCTest.framework; sourceTree = DEVELOPER_DIR; };
		E402F8C918C1A7CE0059482C /* FoodieTests-Info.plist */ = {isa = PBXFileReference; lastKnownFileType = text.plist.xml; path = "FoodieTests-Info.plist"; sourceTree = "<group>"; };
		E402F8CB18C1A7CE0059482C /* en */ = {isa = PBXFileReference; lastKnownFileType = text.plist.strings; name = en; path = en.lproj/InfoPlist.strings; sourceTree = "<group>"; };
		E402F8CD18C1A7CE0059482C /* FoodieTests.m */ = {isa = PBXFileReference; lastKnownFileType = sourcecode.c.objc; path = FoodieTests.m; sourceTree = "<group>"; };
/* End PBXFileReference section */

/* Begin PBXFrameworksBuildPhase section */
		E402F89918C1A7CE0059482C /* Frameworks */ = {
			isa = PBXFrameworksBuildPhase;
			buildActionMask = 2147483647;
			files = (
				076CF00918C6C579001454CC /* CoreLocation.framework in Frameworks */,
				076CEFF318C44873001454CC /* QuartzCore.framework in Frameworks */,
				E402F8A218C1A7CE0059482C /* CoreGraphics.framework in Frameworks */,
				E402F8A418C1A7CE0059482C /* UIKit.framework in Frameworks */,
				E402F8A018C1A7CE0059482C /* Foundation.framework in Frameworks */,
				02371CE84C7040D2AA843F23 /* libPods.a in Frameworks */,
			);
			runOnlyForDeploymentPostprocessing = 0;
		};
		E402F8BD18C1A7CE0059482C /* Frameworks */ = {
			isa = PBXFrameworksBuildPhase;
			buildActionMask = 2147483647;
			files = (
				E402F8C218C1A7CE0059482C /* XCTest.framework in Frameworks */,
				E402F8C418C1A7CE0059482C /* UIKit.framework in Frameworks */,
				E402F8C318C1A7CE0059482C /* Foundation.framework in Frameworks */,
			);
			runOnlyForDeploymentPostprocessing = 0;
		};
/* End PBXFrameworksBuildPhase section */

/* Begin PBXGroup section */
		07C883B618C3FFB900BAF939 /* Feed */ = {
			isa = PBXGroup;
			children = (
				070250EA18CE88CF00A4A133 /* Camera.png */,
				07C883B718C4003300BAF939 /* Friends.png */,
				07C883B918C4017800BAF939 /* Nearby.png */,
				07C883BB18C401CC00BAF939 /* World.png */,
				076CEFF618C44E61001454CC /* comment.png */,
				076CF00518C5748E001454CC /* placeholder.png */,
				076CEFFA18C450E7001454CC /* heart.png */,
				076CF00018C45908001454CC /* location.png */,
				076CF00318C57238001454CC /* profile-placeholder.png */,
			);
			name = Feed;
			sourceTree = "<group>";
		};
		E402F89318C1A7CE0059482C = {
			isa = PBXGroup;
			children = (
				E402F8A518C1A7CE0059482C /* Foodie */,
				E402F8C718C1A7CE0059482C /* FoodieTests */,
				E402F89E18C1A7CE0059482C /* Frameworks */,
				E402F89D18C1A7CE0059482C /* Products */,
				42320C0FE21C4309A3D82E23 /* Pods.xcconfig */,
			);
			sourceTree = "<group>";
		};
		E402F89D18C1A7CE0059482C /* Products */ = {
			isa = PBXGroup;
			children = (
				E402F89C18C1A7CE0059482C /* Foodie.app */,
				E402F8C018C1A7CE0059482C /* FoodieTests.xctest */,
			);
			name = Products;
			sourceTree = "<group>";
		};
		E402F89E18C1A7CE0059482C /* Frameworks */ = {
			isa = PBXGroup;
			children = (
				076CF00818C6C579001454CC /* CoreLocation.framework */,
				076CEFF218C44873001454CC /* QuartzCore.framework */,
				E402F89F18C1A7CE0059482C /* Foundation.framework */,
				E402F8A118C1A7CE0059482C /* CoreGraphics.framework */,
				E402F8A318C1A7CE0059482C /* UIKit.framework */,
				E402F8C118C1A7CE0059482C /* XCTest.framework */,
				4C6E061241C641BD8196A1DF /* libPods.a */,
			);
			name = Frameworks;
			sourceTree = "<group>";
		};
		E402F8A518C1A7CE0059482C /* Foodie */ = {
			isa = PBXGroup;
			children = (
				E402F8AE18C1A7CE0059482C /* RNPAppDelegate.h */,
				E402F8AF18C1A7CE0059482C /* RNPAppDelegate.m */,
				07C883AF18C3FEE300BAF939 /* RNPFeedViewController.h */,
				07C883B018C3FEE300BAF939 /* RNPFeedViewController.m */,
				07C883B118C3FEE300BAF939 /* RNPFeedViewController.xib */,
				073A728F18D23FE700CD9E82 /* RNPFeedNavigationController.h */,
				073A729018D23FE700CD9E82 /* RNPFeedNavigationController.m */,
				073A729118D23FE700CD9E82 /* RNPFeedNavigationController.xib */,
				073A72A618D258EE00CD9E82 /* RNPFeedNavigationItemView.h */,
				073A72A718D258EE00CD9E82 /* RNPFeedNavigationItemView.m */,
				073A72A418D2452C00CD9E82 /* RNPFeedNavigationItemView.xib */,
				076CEFE118C43351001454CC /* RNPFeedHeader.h */,
				076CEFE218C43351001454CC /* RNPFeedHeader.m */,
				076CEFDD18C431F2001454CC /* RNPFeedHeader.xib */,
				076CEFED18C440B1001454CC /* RNPFeedFooter.h */,
				076CEFEE18C440B1001454CC /* RNPFeedFooter.m */,
				076CEFEF18C440B1001454CC /* RNPFeedFooter.xib */,
				076CEFD518C42BFB001454CC /* RNPFeedCell.h */,
				076CEFD618C42BFB001454CC /* RNPFeedCell.m */,
				076CEFD118C42761001454CC /* RNPFeedCell.xib */,
				076CEFD818C42E95001454CC /* RNPBreakCell.h */,
				076CEFD918C42E95001454CC /* RNPBreakCell.m */,
				076CEFD318C42BB4001454CC /* RNPBreakCell.xib */,
				E402F8BA18C1A7CE0059482C /* Images.xcassets */,
				E402F8A618C1A7CE0059482C /* Supporting Files */,
			);
			path = Foodie;
			sourceTree = "<group>";
		};
		E402F8A618C1A7CE0059482C /* Supporting Files */ = {
			isa = PBXGroup;
			children = (
				07C883B618C3FFB900BAF939 /* Feed */,
				E402F8A718C1A7CE0059482C /* Foodie-Info.plist */,
				E402F8A818C1A7CE0059482C /* InfoPlist.strings */,
				E402F8AB18C1A7CE0059482C /* main.m */,
				E402F8AD18C1A7CE0059482C /* Foodie-Prefix.pch */,
			);
			name = "Supporting Files";
			sourceTree = "<group>";
		};
		E402F8C718C1A7CE0059482C /* FoodieTests */ = {
			isa = PBXGroup;
			children = (
				E402F8CD18C1A7CE0059482C /* FoodieTests.m */,
				E402F8C818C1A7CE0059482C /* Supporting Files */,
			);
			path = FoodieTests;
			sourceTree = "<group>";
		};
		E402F8C818C1A7CE0059482C /* Supporting Files */ = {
			isa = PBXGroup;
			children = (
				E402F8C918C1A7CE0059482C /* FoodieTests-Info.plist */,
				E402F8CA18C1A7CE0059482C /* InfoPlist.strings */,
			);
			name = "Supporting Files";
			sourceTree = "<group>";
		};
/* End PBXGroup section */

/* Begin PBXNativeTarget section */
		E402F89B18C1A7CE0059482C /* Foodie */ = {
			isa = PBXNativeTarget;
			buildConfigurationList = E402F8D118C1A7CE0059482C /* Build configuration list for PBXNativeTarget "Foodie" */;
			buildPhases = (
				DC5CBFFEBEA34498AD5E1264 /* Check Pods Manifest.lock */,
				E402F89818C1A7CE0059482C /* Sources */,
				E402F89918C1A7CE0059482C /* Frameworks */,
				E402F89A18C1A7CE0059482C /* Resources */,
				F7FCF15E2CC44C3B9F5BE2B2 /* Copy Pods Resources */,
			);
			buildRules = (
			);
			dependencies = (
			);
			name = Foodie;
			productName = Foodie;
			productReference = E402F89C18C1A7CE0059482C /* Foodie.app */;
			productType = "com.apple.product-type.application";
		};
		E402F8BF18C1A7CE0059482C /* FoodieTests */ = {
			isa = PBXNativeTarget;
			buildConfigurationList = E402F8D418C1A7CE0059482C /* Build configuration list for PBXNativeTarget "FoodieTests" */;
			buildPhases = (
				E402F8BC18C1A7CE0059482C /* Sources */,
				E402F8BD18C1A7CE0059482C /* Frameworks */,
				E402F8BE18C1A7CE0059482C /* Resources */,
			);
			buildRules = (
			);
			dependencies = (
				E402F8C618C1A7CE0059482C /* PBXTargetDependency */,
			);
			name = FoodieTests;
			productName = FoodieTests;
			productReference = E402F8C018C1A7CE0059482C /* FoodieTests.xctest */;
			productType = "com.apple.product-type.bundle.unit-test";
		};
/* End PBXNativeTarget section */

/* Begin PBXProject section */
		E402F89418C1A7CE0059482C /* Project object */ = {
			isa = PBXProject;
			attributes = {
				CLASSPREFIX = RNP;
				LastUpgradeCheck = 0510;
				ORGANIZATIONNAME = "Romi Phadte";
				TargetAttributes = {
					E402F8BF18C1A7CE0059482C = {
						TestTargetID = E402F89B18C1A7CE0059482C;
					};
				};
			};
			buildConfigurationList = E402F89718C1A7CE0059482C /* Build configuration list for PBXProject "Foodie" */;
			compatibilityVersion = "Xcode 3.2";
			developmentRegion = English;
			hasScannedForEncodings = 0;
			knownRegions = (
				en,
				Base,
			);
			mainGroup = E402F89318C1A7CE0059482C;
			productRefGroup = E402F89D18C1A7CE0059482C /* Products */;
			projectDirPath = "";
			projectRoot = "";
			targets = (
				E402F89B18C1A7CE0059482C /* Foodie */,
				E402F8BF18C1A7CE0059482C /* FoodieTests */,
			);
		};
/* End PBXProject section */

/* Begin PBXResourcesBuildPhase section */
		E402F89A18C1A7CE0059482C /* Resources */ = {
			isa = PBXResourcesBuildPhase;
			buildActionMask = 2147483647;
			files = (
				07C883B318C3FEE300BAF939 /* RNPFeedViewController.xib in Resources */,
				076CEFDE18C431F2001454CC /* RNPFeedHeader.xib in Resources */,
				073A72A518D2452C00CD9E82 /* RNPFeedNavigationItemView.xib in Resources */,
				07C883B818C4003300BAF939 /* Friends.png in Resources */,
				07C883BC18C401CC00BAF939 /* World.png in Resources */,
				073A729318D23FE700CD9E82 /* RNPFeedNavigationController.xib in Resources */,
				076CEFFB18C450E7001454CC /* heart.png in Resources */,
				076CEFD218C42761001454CC /* RNPFeedCell.xib in Resources */,
				070250EB18CE88CF00A4A133 /* Camera.png in Resources */,
				E402F8BB18C1A7CE0059482C /* Images.xcassets in Resources */,
				076CF00118C45908001454CC /* location.png in Resources */,
				076CEFF118C440B1001454CC /* RNPFeedFooter.xib in Resources */,
				076CF00418C57238001454CC /* profile-placeholder.png in Resources */,
				E402F8AA18C1A7CE0059482C /* InfoPlist.strings in Resources */,
				076CEFD418C42BB4001454CC /* RNPBreakCell.xib in Resources */,
				076CEFF718C44E61001454CC /* comment.png in Resources */,
				076CF00618C5748E001454CC /* placeholder.png in Resources */,
				07C883BA18C4017800BAF939 /* Nearby.png in Resources */,
			);
			runOnlyForDeploymentPostprocessing = 0;
		};
		E402F8BE18C1A7CE0059482C /* Resources */ = {
			isa = PBXResourcesBuildPhase;
			buildActionMask = 2147483647;
			files = (
				E402F8CC18C1A7CE0059482C /* InfoPlist.strings in Resources */,
			);
			runOnlyForDeploymentPostprocessing = 0;
		};
/* End PBXResourcesBuildPhase section */

/* Begin PBXShellScriptBuildPhase section */
		DC5CBFFEBEA34498AD5E1264 /* Check Pods Manifest.lock */ = {
			isa = PBXShellScriptBuildPhase;
			buildActionMask = 2147483647;
			files = (
			);
			inputPaths = (
			);
			name = "Check Pods Manifest.lock";
			outputPaths = (
			);
			runOnlyForDeploymentPostprocessing = 0;
			shellPath = /bin/sh;
			shellScript = "diff \"${PODS_ROOT}/../Podfile.lock\" \"${PODS_ROOT}/Manifest.lock\" > /dev/null\nif [[ $? != 0 ]] ; then\n    cat << EOM\nerror: The sandbox is not in sync with the Podfile.lock. Run 'pod install' or update your CocoaPods installation.\nEOM\n    exit 1\nfi\n";
			showEnvVarsInLog = 0;
		};
		F7FCF15E2CC44C3B9F5BE2B2 /* Copy Pods Resources */ = {
			isa = PBXShellScriptBuildPhase;
			buildActionMask = 2147483647;
			files = (
			);
			inputPaths = (
			);
			name = "Copy Pods Resources";
			outputPaths = (
			);
			runOnlyForDeploymentPostprocessing = 0;
			shellPath = /bin/sh;
			shellScript = "\"${SRCROOT}/Pods/Pods-resources.sh\"\n";
			showEnvVarsInLog = 0;
		};
/* End PBXShellScriptBuildPhase section */

/* Begin PBXSourcesBuildPhase section */
		E402F89818C1A7CE0059482C /* Sources */ = {
			isa = PBXSourcesBuildPhase;
			buildActionMask = 2147483647;
			files = (
				073A729218D23FE700CD9E82 /* RNPFeedNavigationController.m in Sources */,
				076CEFDA18C42E95001454CC /* RNPBreakCell.m in Sources */,
				076CEFE318C43351001454CC /* RNPFeedHeader.m in Sources */,
				073A72A818D258EE00CD9E82 /* RNPFeedNavigationItemView.m in Sources */,
				076CEFF018C440B1001454CC /* RNPFeedFooter.m in Sources */,
				076CEFD718C42BFB001454CC /* RNPFeedCell.m in Sources */,
				07C883B218C3FEE300BAF939 /* RNPFeedViewController.m in Sources */,
				E402F8AC18C1A7CE0059482C /* main.m in Sources */,
				E402F8B018C1A7CE0059482C /* RNPAppDelegate.m in Sources */,
			);
			runOnlyForDeploymentPostprocessing = 0;
		};
		E402F8BC18C1A7CE0059482C /* Sources */ = {
			isa = PBXSourcesBuildPhase;
			buildActionMask = 2147483647;
			files = (
				E402F8CE18C1A7CE0059482C /* FoodieTests.m in Sources */,
			);
			runOnlyForDeploymentPostprocessing = 0;
		};
/* End PBXSourcesBuildPhase section */

/* Begin PBXTargetDependency section */
		E402F8C618C1A7CE0059482C /* PBXTargetDependency */ = {
			isa = PBXTargetDependency;
			target = E402F89B18C1A7CE0059482C /* Foodie */;
			targetProxy = E402F8C518C1A7CE0059482C /* PBXContainerItemProxy */;
		};
/* End PBXTargetDependency section */

/* Begin PBXVariantGroup section */
		E402F8A818C1A7CE0059482C /* InfoPlist.strings */ = {
			isa = PBXVariantGroup;
			children = (
				E402F8A918C1A7CE0059482C /* en */,
			);
			name = InfoPlist.strings;
			sourceTree = "<group>";
		};
		E402F8CA18C1A7CE0059482C /* InfoPlist.strings */ = {
			isa = PBXVariantGroup;
			children = (
				E402F8CB18C1A7CE0059482C /* en */,
			);
			name = InfoPlist.strings;
			sourceTree = "<group>";
		};
/* End PBXVariantGroup section */

/* Begin XCBuildConfiguration section */
		E402F8CF18C1A7CE0059482C /* Debug */ = {
			isa = XCBuildConfiguration;
			buildSettings = {
				ALWAYS_SEARCH_USER_PATHS = NO;
				ARCHS = "$(ARCHS_STANDARD_INCLUDING_64_BIT)";
				CLANG_CXX_LANGUAGE_STANDARD = "gnu++0x";
				CLANG_CXX_LIBRARY = "libc++";
				CLANG_ENABLE_MODULES = YES;
				CLANG_ENABLE_OBJC_ARC = YES;
				CLANG_WARN_BOOL_CONVERSION = YES;
				CLANG_WARN_CONSTANT_CONVERSION = YES;
				CLANG_WARN_DIRECT_OBJC_ISA_USAGE = YES_ERROR;
				CLANG_WARN_EMPTY_BODY = YES;
				CLANG_WARN_ENUM_CONVERSION = YES;
				CLANG_WARN_INT_CONVERSION = YES;
				CLANG_WARN_OBJC_ROOT_CLASS = YES_ERROR;
				CLANG_WARN__DUPLICATE_METHOD_MATCH = YES;
				"CODE_SIGN_IDENTITY[sdk=iphoneos*]" = "iPhone Developer";
				COPY_PHASE_STRIP = NO;
				GCC_C_LANGUAGE_STANDARD = gnu99;
				GCC_DYNAMIC_NO_PIC = NO;
				GCC_OPTIMIZATION_LEVEL = 0;
				GCC_PREPROCESSOR_DEFINITIONS = (
					"DEBUG=1",
					"$(inherited)",
				);
				GCC_SYMBOLS_PRIVATE_EXTERN = NO;
				GCC_WARN_64_TO_32_BIT_CONVERSION = YES;
				GCC_WARN_ABOUT_RETURN_TYPE = YES_ERROR;
				GCC_WARN_UNDECLARED_SELECTOR = YES;
				GCC_WARN_UNINITIALIZED_AUTOS = YES;
				GCC_WARN_UNUSED_FUNCTION = YES;
				GCC_WARN_UNUSED_VARIABLE = YES;
				IPHONEOS_DEPLOYMENT_TARGET = 7.0;
				ONLY_ACTIVE_ARCH = YES;
				SDKROOT = iphoneos;
				TARGETED_DEVICE_FAMILY = "1,2";
			};
			name = Debug;
		};
		E402F8D018C1A7CE0059482C /* Release */ = {
			isa = XCBuildConfiguration;
			buildSettings = {
				ALWAYS_SEARCH_USER_PATHS = NO;
				ARCHS = "$(ARCHS_STANDARD_INCLUDING_64_BIT)";
				CLANG_CXX_LANGUAGE_STANDARD = "gnu++0x";
				CLANG_CXX_LIBRARY = "libc++";
				CLANG_ENABLE_MODULES = YES;
				CLANG_ENABLE_OBJC_ARC = YES;
				CLANG_WARN_BOOL_CONVERSION = YES;
				CLANG_WARN_CONSTANT_CONVERSION = YES;
				CLANG_WARN_DIRECT_OBJC_ISA_USAGE = YES_ERROR;
				CLANG_WARN_EMPTY_BODY = YES;
				CLANG_WARN_ENUM_CONVERSION = YES;
				CLANG_WARN_INT_CONVERSION = YES;
				CLANG_WARN_OBJC_ROOT_CLASS = YES_ERROR;
				CLANG_WARN__DUPLICATE_METHOD_MATCH = YES;
				"CODE_SIGN_IDENTITY[sdk=iphoneos*]" = "iPhone Developer";
				COPY_PHASE_STRIP = YES;
				ENABLE_NS_ASSERTIONS = NO;
				GCC_C_LANGUAGE_STANDARD = gnu99;
				GCC_WARN_64_TO_32_BIT_CONVERSION = YES;
				GCC_WARN_ABOUT_RETURN_TYPE = YES_ERROR;
				GCC_WARN_UNDECLARED_SELECTOR = YES;
				GCC_WARN_UNINITIALIZED_AUTOS = YES;
				GCC_WARN_UNUSED_FUNCTION = YES;
				GCC_WARN_UNUSED_VARIABLE = YES;
				IPHONEOS_DEPLOYMENT_TARGET = 7.0;
				SDKROOT = iphoneos;
				TARGETED_DEVICE_FAMILY = "1,2";
				VALIDATE_PRODUCT = YES;
			};
			name = Release;
		};
		E402F8D218C1A7CE0059482C /* Debug */ = {
			isa = XCBuildConfiguration;
			baseConfigurationReference = 42320C0FE21C4309A3D82E23 /* Pods.xcconfig */;
			buildSettings = {
				ASSETCATALOG_COMPILER_APPICON_NAME = AppIcon;
				ASSETCATALOG_COMPILER_LAUNCHIMAGE_NAME = LaunchImage;
				GCC_PRECOMPILE_PREFIX_HEADER = YES;
				GCC_PREFIX_HEADER = "Foodie/Foodie-Prefix.pch";
				INFOPLIST_FILE = "Foodie/Foodie-Info.plist";
				PRODUCT_NAME = "$(TARGET_NAME)";
				WRAPPER_EXTENSION = app;
			};
			name = Debug;
		};
		E402F8D318C1A7CE0059482C /* Release */ = {
			isa = XCBuildConfiguration;
			baseConfigurationReference = 42320C0FE21C4309A3D82E23 /* Pods.xcconfig */;
			buildSettings = {
				ASSETCATALOG_COMPILER_APPICON_NAME = AppIcon;
				ASSETCATALOG_COMPILER_LAUNCHIMAGE_NAME = LaunchImage;
				GCC_PRECOMPILE_PREFIX_HEADER = YES;
				GCC_PREFIX_HEADER = "Foodie/Foodie-Prefix.pch";
				INFOPLIST_FILE = "Foodie/Foodie-Info.plist";
				PRODUCT_NAME = "$(TARGET_NAME)";
				WRAPPER_EXTENSION = app;
			};
			name = Release;
		};
		E402F8D518C1A7CE0059482C /* Debug */ = {
			isa = XCBuildConfiguration;
			buildSettings = {
				ARCHS = "$(ARCHS_STANDARD_INCLUDING_64_BIT)";
				BUNDLE_LOADER = "$(BUILT_PRODUCTS_DIR)/Foodie.app/Foodie";
				FRAMEWORK_SEARCH_PATHS = (
					"$(SDKROOT)/Developer/Library/Frameworks",
					"$(inherited)",
					"$(DEVELOPER_FRAMEWORKS_DIR)",
				);
				GCC_PRECOMPILE_PREFIX_HEADER = YES;
				GCC_PREFIX_HEADER = "Foodie/Foodie-Prefix.pch";
				GCC_PREPROCESSOR_DEFINITIONS = (
					"DEBUG=1",
					"$(inherited)",
				);
				INFOPLIST_FILE = "FoodieTests/FoodieTests-Info.plist";
				PRODUCT_NAME = "$(TARGET_NAME)";
				TEST_HOST = "$(BUNDLE_LOADER)";
				WRAPPER_EXTENSION = xctest;
			};
			name = Debug;
		};
		E402F8D618C1A7CE0059482C /* Release */ = {
			isa = XCBuildConfiguration;
			buildSettings = {
				ARCHS = "$(ARCHS_STANDARD_INCLUDING_64_BIT)";
				BUNDLE_LOADER = "$(BUILT_PRODUCTS_DIR)/Foodie.app/Foodie";
				FRAMEWORK_SEARCH_PATHS = (
					"$(SDKROOT)/Developer/Library/Frameworks",
					"$(inherited)",
					"$(DEVELOPER_FRAMEWORKS_DIR)",
				);
				GCC_PRECOMPILE_PREFIX_HEADER = YES;
				GCC_PREFIX_HEADER = "Foodie/Foodie-Prefix.pch";
				INFOPLIST_FILE = "FoodieTests/FoodieTests-Info.plist";
				PRODUCT_NAME = "$(TARGET_NAME)";
				TEST_HOST = "$(BUNDLE_LOADER)";
				WRAPPER_EXTENSION = xctest;
			};
			name = Release;
		};
/* End XCBuildConfiguration section */

/* Begin XCConfigurationList section */
		E402F89718C1A7CE0059482C /* Build configuration list for PBXProject "Foodie" */ = {
			isa = XCConfigurationList;
			buildConfigurations = (
				E402F8CF18C1A7CE0059482C /* Debug */,
				E402F8D018C1A7CE0059482C /* Release */,
			);
			defaultConfigurationIsVisible = 0;
			defaultConfigurationName = Release;
		};
		E402F8D118C1A7CE0059482C /* Build configuration list for PBXNativeTarget "Foodie" */ = {
			isa = XCConfigurationList;
			buildConfigurations = (
				E402F8D218C1A7CE0059482C /* Debug */,
				E402F8D318C1A7CE0059482C /* Release */,
			);
			defaultConfigurationIsVisible = 0;
			defaultConfigurationName = Release;
		};
		E402F8D418C1A7CE0059482C /* Build configuration list for PBXNativeTarget "FoodieTests" */ = {
			isa = XCConfigurationList;
			buildConfigurations = (
				E402F8D518C1A7CE0059482C /* Debug */,
				E402F8D618C1A7CE0059482C /* Release */,
			);
			defaultConfigurationIsVisible = 0;
			defaultConfigurationName = Release;
		};
/* End XCConfigurationList section */
	};
	rootObject = E402F89418C1A7CE0059482C /* Project object */;
}
