PODS:
  - FontAwesome+iOS (0.1.1)
  - FXBlurView (1.5.3)
  - MBProgressHUD (0.8)
  - OHAttributedLabel (3.5.3)
  - SDWebImage (3.5.2):
    - SDWebImage/Core
  - SDWebImage/Core (3.5.2)
  - SVPullToRefresh (0.4.1)

DEPENDENCIES:
  - FontAwesome+iOS
  - FXBlurView
  - MBProgressHUD
  - OHAttributedLabel
  - SDWebImage
  - SVPullToRefresh

SPEC CHECKSUMS:
  FontAwesome+iOS: 243c5309e90d5788909b0f859f75ecff4a20f88f
  FXBlurView: 8d662dd5b4ba15a1a0e97235501326fbdfb2b755
  MBProgressHUD: 2bbc6f470111daf7f3eaa4eb12b8cbf01c4c0622
  OHAttributedLabel: 985e4b57eec0dc6add79179ac47ec888b8a914e7
  SDWebImage: fe7ce01ae4e0a884d168f59c9dd82d35baf8429e
  SVPullToRefresh: 61a0e4bd12bd6f8e3465909810b0fbeb1a28d5f2

COCOAPODS: 0.29.0
